
Microsoft Visual Studio Solution File, Format Version 12.00
# Visual Studio Version 16
VisualStudioVersion = 16.0.31424.327
MinimumVisualStudioVersion = 10.0.40219.1
Project("{FAE04EC0-301F-11D3-BF4B-00C04F79EFBC}") = "TestProject1", "TestProject1.csproj", "{687B4364-BBBB-4857-B023-3062C5BBC9EC}"
EndProject
Global
	GlobalSection(SolutionConfigurationPlatforms) = preSolution
		Debug|Any CPU = Debug|Any CPU
		Release|Any CPU = Release|Any CPU
	EndGlobalSection
	GlobalSection(ProjectConfigurationPlatforms) = postSolution
		{687B4364-BBBB-4857-B023-3062C5BBC9EC}.Debug|Any CPU.ActiveCfg = Debug|Any CPU
		{687B4364-BBBB-4857-B023-3062C5BBC9EC}.Debug|Any CPU.Build.0 = Debug|Any CPU
		{687B4364-BBBB-4857-B023-3062C5BBC9EC}.Release|Any CPU.ActiveCfg = Release|Any CPU
		{687B4364-BBBB-4857-B023-3062C5BBC9EC}.Release|Any CPU.Build.0 = Release|Any CPU
	EndGlobalSection
	GlobalSection(SolutionProperties) = preSolution
		HideSolutionNode = FALSE
	EndGlobalSection
	GlobalSection(ExtensibilityGlobals) = postSolution
		SolutionGuid = {EB644FE7-FC3E-47AA-AFC2-968FBF0BED44}
	EndGlobalSection
EndGlobal
